
Microsoft Visual Studio Solution File, Format Version 12.00
# Visual Studio Version 17
VisualStudioVersion = 17.0.32126.317
MinimumVisualStudioVersion = 10.0.40219.1
Project("{FAE04EC0-301F-11D3-BF4B-00C04F79EFBC}") = "WpfApp1", "WpfApp1.csproj", "{5AE28A04-320C-4102-885E-C5318EB04485}"
EndProject
Global
	GlobalSection(SolutionConfigurationPlatforms) = preSolution
		Debug|Any CPU = Debug|Any CPU
		Release|Any CPU = Release|Any CPU
	EndGlobalSection
	GlobalSection(ProjectConfigurationPlatforms) = postSolution
		{5AE28A04-320C-4102-885E-C5318EB04485}.Debug|Any CPU.ActiveCfg = Debug|Any CPU
		{5AE28A04-320C-4102-885E-C5318EB04485}.Debug|Any CPU.Build.0 = Debug|Any CPU
		{5AE28A04-320C-4102-885E-C5318EB04485}.Release|Any CPU.ActiveCfg = Release|Any CPU
		{5AE28A04-320C-4102-885E-C5318EB04485}.Release|Any CPU.Build.0 = Release|Any CPU
	EndGlobalSection
	GlobalSection(SolutionProperties) = preSolution
		HideSolutionNode = FALSE
	EndGlobalSection
	GlobalSection(ExtensibilityGlobals) = postSolution
		SolutionGuid = {12C61246-1B18-4CDB-B8A4-C099D08B1BF8}
	EndGlobalSection
EndGlobal
